# This file is automatically @generated by Poetry 1.6.1 and should not be changed by hand.

[[package]]
name = "vpyn"
version = "0.1.3"
description = "Virtual Python Networks"
optional = false
python-versions = "^3.11"
files = []
develop = false

[package.source]
type = "directory"
url = ".."

[metadata]
lock-version = "2.0"
python-versions = "^3.11"
content-hash = "84abaac2b9807ccc21a5f1b0a6051a0369f5496876994ef6d0a69634492138ff"
